
Microsoft Visual Studio Solution File, Format Version 12.00
# Visual Studio Version 16
VisualStudioVersion = 16.0.31112.23
MinimumVisualStudioVersion = 10.0.40219.1
Project("{9A19103F-16F7-4668-BE54-9A1E7A4F7556}") = "wooby", "wooby\wooby.csproj", "{D24F6F40-77CA-478B-A28C-D2114CF3EEBB}"
EndProject
Project("{FAE04EC0-301F-11D3-BF4B-00C04F79EFBC}") = "TerminalManager", "TerminalManager\TerminalManager.csproj", "{D3853150-F0D2-4F8A-90B7-EE5504B428DE}"
EndProject
Global
	GlobalSection(SolutionConfigurationPlatforms) = preSolution
		Debug|Any CPU = Debug|Any CPU
		Release|Any CPU = Release|Any CPU
	EndGlobalSection
	GlobalSection(ProjectConfigurationPlatforms) = postSolution
		{D24F6F40-77CA-478B-A28C-D2114CF3EEBB}.Debug|Any CPU.ActiveCfg = Debug|Any CPU
		{D24F6F40-77CA-478B-A28C-D2114CF3EEBB}.Debug|Any CPU.Build.0 = Debug|Any CPU
		{D24F6F40-77CA-478B-A28C-D2114CF3EEBB}.Release|Any CPU.ActiveCfg = Release|Any CPU
		{D24F6F40-77CA-478B-A28C-D2114CF3EEBB}.Release|Any CPU.Build.0 = Release|Any CPU
		{D3853150-F0D2-4F8A-90B7-EE5504B428DE}.Debug|Any CPU.ActiveCfg = Debug|Any CPU
		{D3853150-F0D2-4F8A-90B7-EE5504B428DE}.Debug|Any CPU.Build.0 = Debug|Any CPU
		{D3853150-F0D2-4F8A-90B7-EE5504B428DE}.Release|Any CPU.ActiveCfg = Release|Any CPU
		{D3853150-F0D2-4F8A-90B7-EE5504B428DE}.Release|Any CPU.Build.0 = Release|Any CPU
	EndGlobalSection
	GlobalSection(SolutionProperties) = preSolution
		HideSolutionNode = FALSE
	EndGlobalSection
	GlobalSection(ExtensibilityGlobals) = postSolution
		SolutionGuid = {F21212F4-91B9-4D74-85BD-030273809546}
	EndGlobalSection
EndGlobal
